# Conda environment: kd (/home/wy/sjq/miniconda3/envs/kd)
# Python 3.13.13
# torch 2.12.1+cu130
# ffmpeg 8.0 (conda-forge)
# attention backend: PyTorch SDPA (flash-attn wheel unavailable for this stack)
torchvision==0.27.1+cu130
transformers==5.2.0
accelerate==1.12.0
qwen-omni-utils==0.0.9
audioread==3.1.0
decord==0.6.0
soundfile==0.14.0
opencv-python-headless==5.0.0.93
pandas==3.0.5
pytest==9.1.1
PyYAML==6.0.3
numpy==2.5.1
huggingface-hub==1.22.0
modelscope==1.39.1
